# THIS IS AN AUTOGENERATED FILE. DO NOT EDIT THIS FILE DIRECTLY.
# yarn lockfile v1


colord@^2.9.2:
  version "2.9.2"
  resolved "https://registry.yarnpkg.com/colord/-/colord-2.9.2.tgz#25e2bacbbaa65991422c07ea209e2089428effb1"
  integrity sha512-Uqbg+J445nc1TKn4FoDPS6ZZqAvEDnwrH42yo8B40JSOgSLxMZ/gt3h4nmCtPLQeXhjJJkqBx7SCY35WnIixaQ==

gl-matrix@^3.4.3:
  version "3.4.3"
  resolved "https://registry.yarnpkg.com/gl-matrix/-/gl-matrix-3.4.3.tgz#fc1191e8320009fd4d20e9339595c6041ddc22c9"
  integrity sha512-wcCp8vu8FT22BnvKVPjXa/ICBWRq/zjFfdofZy1WSpQZpphblv12/bOQLBC1rMM7SGOFS9ltVmKOHil5+Ml7gA==
